
Microsoft Visual Studio Solution File, Format Version 12.00
# Visual Studio 15
VisualStudioVersion = 15.0.26124.0
MinimumVisualStudioVersion = 15.0.26124.0
Project("{9A19103F-16F7-4668-BE54-9A1E7A4F7556}") = "R5T.Gloucester.Types.Construction", "R5T.Gloucester.Types.Construction\R5T.Gloucester.Types.Construction.csproj", "{73E231FE-6E07-4C4D-BBEB-17FFACA0AD66}"
EndProject
Project("{9A19103F-16F7-4668-BE54-9A1E7A4F7556}") = "R5T.Gloucester.Types", "R5T.Gloucester.Types\R5T.Gloucester.Types.csproj", "{52AD4188-C84F-4E50-98FE-2F50054C16C6}"
EndProject
Project("{9A19103F-16F7-4668-BE54-9A1E7A4F7556}") = "R5T.Angleterria", "..\..\R5T.Angleterria\source\R5T.Angleterria\R5T.Angleterria.csproj", "{CA644CAE-230D-43EC-9AF8-581DEE12673B}"
EndProject
Project("{9A19103F-16F7-4668-BE54-9A1E7A4F7556}") = "R5T.Ostersund", "..\..\R5T.Ostersund\source\R5T.Ostersund\R5T.Ostersund.csproj", "{684FF846-88C1-4CA9-A0FA-89E964000BA8}"
EndProject
Project("{2150E333-8FDC-42A3-9474-1A3956D46DE8}") = "_Depdencies", "_Depdencies", "{379866B1-570D-42E0-AC1C-71D50BF887AF}"
EndProject
Global
	GlobalSection(SolutionConfigurationPlatforms) = preSolution
		Debug|Any CPU = Debug|Any CPU
		Debug|x64 = Debug|x64
		Debug|x86 = Debug|x86
		Release|Any CPU = Release|Any CPU
		Release|x64 = Release|x64
		Release|x86 = Release|x86
	EndGlobalSection
	GlobalSection(ProjectConfigurationPlatforms) = postSolution
		{73E231FE-6E07-4C4D-BBEB-17FFACA0AD66}.Debug|Any CPU.ActiveCfg = Debug|Any CPU
		{73E231FE-6E07-4C4D-BBEB-17FFACA0AD66}.Debug|Any CPU.Build.0 = Debug|Any CPU
		{73E231FE-6E07-4C4D-BBEB-17FFACA0AD66}.Debug|x64.ActiveCfg = Debug|Any CPU
		{73E231FE-6E07-4C4D-BBEB-17FFACA0AD66}.Debug|x64.Build.0 = Debug|Any CPU
		{73E231FE-6E07-4C4D-BBEB-17FFACA0AD66}.Debug|x86.ActiveCfg = Debug|Any CPU
		{73E231FE-6E07-4C4D-BBEB-17FFACA0AD66}.Debug|x86.Build.0 = Debug|Any CPU
		{73E231FE-6E07-4C4D-BBEB-17FFACA0AD66}.Release|Any CPU.ActiveCfg = Release|Any CPU
		{73E231FE-6E07-4C4D-BBEB-17FFACA0AD66}.Release|Any CPU.Build.0 = Release|Any CPU
		{73E231FE-6E07-4C4D-BBEB-17FFACA0AD66}.Release|x64.ActiveCfg = Release|Any CPU
		{73E231FE-6E07-4C4D-BBEB-17FFACA0AD66}.Release|x64.Build.0 = Release|Any CPU
		{73E231FE-6E07-4C4D-BBEB-17FFACA0AD66}.Release|x86.ActiveCfg = Release|Any CPU
		{73E231FE-6E07-4C4D-BBEB-17FFACA0AD66}.Release|x86.Build.0 = Release|Any CPU
		{52AD4188-C84F-4E50-98FE-2F50054C16C6}.Debug|Any CPU.ActiveCfg = Debug|Any CPU
		{52AD4188-C84F-4E50-98FE-2F50054C16C6}.Debug|Any CPU.Build.0 = Debug|Any CPU
		{52AD4188-C84F-4E50-98FE-2F50054C16C6}.Debug|x64.ActiveCfg = Debug|Any CPU
		{52AD4188-C84F-4E50-98FE-2F50054C16C6}.Debug|x64.Build.0 = Debug|Any CPU
		{52AD4188-C84F-4E50-98FE-2F50054C16C6}.Debug|x86.ActiveCfg = Debug|Any CPU
		{52AD4188-C84F-4E50-98FE-2F50054C16C6}.Debug|x86.Build.0 = Debug|Any CPU
		{52AD4188-C84F-4E50-98FE-2F50054C16C6}.Release|Any CPU.ActiveCfg = Release|Any CPU
		{52AD4188-C84F-4E50-98FE-2F50054C16C6}.Release|Any CPU.Build.0 = Release|Any CPU
		{52AD4188-C84F-4E50-98FE-2F50054C16C6}.Release|x64.ActiveCfg = Release|Any CPU
		{52AD4188-C84F-4E50-98FE-2F50054C16C6}.Release|x64.Build.0 = Release|Any CPU
		{52AD4188-C84F-4E50-98FE-2F50054C16C6}.Release|x86.ActiveCfg = Release|Any CPU
		{52AD4188-C84F-4E50-98FE-2F50054C16C6}.Release|x86.Build.0 = Release|Any CPU
		{CA644CAE-230D-43EC-9AF8-581DEE12673B}.Debug|Any CPU.ActiveCfg = Debug|Any CPU
		{CA644CAE-230D-43EC-9AF8-581DEE12673B}.Debug|Any CPU.Build.0 = Debug|Any CPU
		{CA644CAE-230D-43EC-9AF8-581DEE12673B}.Debug|x64.ActiveCfg = Debug|Any CPU
		{CA644CAE-230D-43EC-9AF8-581DEE12673B}.Debug|x64.Build.0 = Debug|Any CPU
		{CA644CAE-230D-43EC-9AF8-581DEE12673B}.Debug|x86.ActiveCfg = Debug|Any CPU
		{CA644CAE-230D-43EC-9AF8-581DEE12673B}.Debug|x86.Build.0 = Debug|Any CPU
		{CA644CAE-230D-43EC-9AF8-581DEE12673B}.Release|Any CPU.ActiveCfg = Release|Any CPU
		{CA644CAE-230D-43EC-9AF8-581DEE12673B}.Release|Any CPU.Build.0 = Release|Any CPU
		{CA644CAE-230D-43EC-9AF8-581DEE12673B}.Release|x64.ActiveCfg = Release|Any CPU
		{CA644CAE-230D-43EC-9AF8-581DEE12673B}.Release|x64.Build.0 = Release|Any CPU
		{CA644CAE-230D-43EC-9AF8-581DEE12673B}.Release|x86.ActiveCfg = Release|Any CPU
		{CA644CAE-230D-43EC-9AF8-581DEE12673B}.Release|x86.Build.0 = Release|Any CPU
		{684FF846-88C1-4CA9-A0FA-89E964000BA8}.Debug|Any CPU.ActiveCfg = Debug|Any CPU
		{684FF846-88C1-4CA9-A0FA-89E964000BA8}.Debug|Any CPU.Build.0 = Debug|Any CPU
		{684FF846-88C1-4CA9-A0FA-89E964000BA8}.Debug|x64.ActiveCfg = Debug|Any CPU
		{684FF846-88C1-4CA9-A0FA-89E964000BA8}.Debug|x64.Build.0 = Debug|Any CPU
		{684FF846-88C1-4CA9-A0FA-89E964000BA8}.Debug|x86.ActiveCfg = Debug|Any CPU
		{684FF846-88C1-4CA9-A0FA-89E964000BA8}.Debug|x86.Build.0 = Debug|Any CPU
		{684FF846-88C1-4CA9-A0FA-89E964000BA8}.Release|Any CPU.ActiveCfg = Release|Any CPU
		{684FF846-88C1-4CA9-A0FA-89E964000BA8}.Release|Any CPU.Build.0 = Release|Any CPU
		{684FF846-88C1-4CA9-A0FA-89E964000BA8}.Release|x64.ActiveCfg = Release|Any CPU
		{684FF846-88C1-4CA9-A0FA-89E964000BA8}.Release|x64.Build.0 = Release|Any CPU
		{684FF846-88C1-4CA9-A0FA-89E964000BA8}.Release|x86.ActiveCfg = Release|Any CPU
		{684FF846-88C1-4CA9-A0FA-89E964000BA8}.Release|x86.Build.0 = Release|Any CPU
	EndGlobalSection
	GlobalSection(SolutionProperties) = preSolution
		HideSolutionNode = FALSE
	EndGlobalSection
	GlobalSection(NestedProjects) = preSolution
		{CA644CAE-230D-43EC-9AF8-581DEE12673B} = {379866B1-570D-42E0-AC1C-71D50BF887AF}
		{684FF846-88C1-4CA9-A0FA-89E964000BA8} = {379866B1-570D-42E0-AC1C-71D50BF887AF}
	EndGlobalSection
	GlobalSection(ExtensibilityGlobals) = postSolution
		SolutionGuid = {97E2C37D-D748-4C75-9992-C2D3B320DC06}
	EndGlobalSection
EndGlobal
